version = 1
revision = 3
requires-python = ">=3.13"

[[package]]
name = "pyap"
version = "0.3.1"
source = { registry = "https://pypi.org/simple" }
sdist = { url = "https://files.pythonhosted.org/packages/80/c1/11817334122325663f739f84864b1cca74f49e263d26f2cbcc2a651146f3/pyap-0.3.1.tar.gz", hash = "sha256:372ea7b6364a3d2c75ffb26ebbe269ce44d71b48620d57630548bc263a6691db", size = 24288, upload-time = "2020-09-30T05:39:24.353Z" }
wheels = [
    { url = "https://files.pythonhosted.org/packages/53/b2/f0f962a5385d54cd91c153df93932b4996b793f1a2145807823d7f71328d/pyap-0.3.1-py2.py3-none-any.whl", hash = "sha256:d0b0440826fd2bb46018b8e4182cc7b79fbfcb3026f7d32c97384c0c362210c6", size = 28386, upload-time = "2020-09-30T05:39:22.818Z" },
]

[[package]]
name = "voting-info-agent"
version = "0.1.0"
source = { virtual = "." }
dependencies = [
    { name = "pyap" },
]

[package.metadata]
requires-dist = [{ name = "pyap", specifier = ">=0.3.1" }]
